// !$*UTF8*$!
{
	archiveVersion = 1;
	classes = {
	};
	objectVersion = 46;
	objects = {

/* Begin PBXBuildFile section */
		574445A91EB46422007C64A9 /* main.m in Sources */ = {isa = PBXBuildFile; fileRef = 574445A81EB46422007C64A9 /* main.m */; };
		574445AC1EB46422007C64A9 /* AppDelegate.m in Sources */ = {isa = PBXBuildFile; fileRef = 574445AB1EB46422007C64A9 /* AppDelegate.m */; };
		574445AF1EB46422007C64A9 /* ViewController.m in Sources */ = {isa = PBXBuildFile; fileRef = 574445AE1EB46422007C64A9 /* ViewController.m */; };
		574445B21EB46422007C64A9 /* Main.storyboard in Resources */ = {isa = PBXBuildFile; fileRef = 574445B01EB46422007C64A9 /* Main.storyboard */; };
		574445B41EB46422007C64A9 /* Assets.xcassets in Resources */ = {isa = PBXBuildFile; fileRef = 574445B31EB46422007C64A9 /* Assets.xcassets */; };
		574445B71EB46422007C64A9 /* LaunchScreen.storyboard in Resources */ = {isa = PBXBuildFile; fileRef = 574445B51EB46422007C64A9 /* LaunchScreen.storyboard */; };
		574445C71EB4649E007C64A9 /* WebViewJavascriptBridge_JS.m in Sources */ = {isa = PBXBuildFile; fileRef = 574445C01EB4649E007C64A9 /* WebViewJavascriptBridge_JS.m */; };
		574445C81EB4649E007C64A9 /* WebViewJavascriptBridge.m in Sources */ = {isa = PBXBuildFile; fileRef = 574445C21EB4649E007C64A9 /* WebViewJavascriptBridge.m */; };
		574445C91EB4649E007C64A9 /* WebViewJavascriptBridgeBase.m in Sources */ = {isa = PBXBuildFile; fileRef = 574445C41EB4649E007C64A9 /* WebViewJavascriptBridgeBase.m */; };
		574445CA1EB4649E007C64A9 /* WKWebViewJavascriptBridge.m in Sources */ = {isa = PBXBuildFile; fileRef = 574445C61EB4649E007C64A9 /* WKWebViewJavascriptBridge.m */; };
		574445CD1EB464A7007C64A9 /* H5TableViewDemo.html in Resources */ = {isa = PBXBuildFile; fileRef = 574445CB1EB464A7007C64A9 /* H5TableViewDemo.html */; };
		574445CE1EB464A7007C64A9 /* jquery-2.1.3.min.js in Resources */ = {isa = PBXBuildFile; fileRef = 574445CC1EB464A7007C64A9 /* jquery-2.1.3.min.js */; };
/* End PBXBuildFile section */

/* Begin PBXFileReference section */
		574445A41EB46422007C64A9 /* H5TableViewDemo.app */ = {isa = PBXFileReference; explicitFileType = wrapper.application; includeInIndex = 0; path = H5TableViewDemo.app; sourceTree = BUILT_PRODUCTS_DIR; };
		574445A81EB46422007C64A9 /* main.m */ = {isa = PBXFileReference; lastKnownFileType = sourcecode.c.objc; path = main.m; sourceTree = "<group>"; };
		574445AA1EB46422007C64A9 /* AppDelegate.h */ = {isa = PBXFileReference; lastKnownFileType = sourcecode.c.h; path = AppDelegate.h; sourceTree = "<group>"; };
		574445AB1EB46422007C64A9 /* AppDelegate.m */ = {isa = PBXFileReference; lastKnownFileType = sourcecode.c.objc; path = AppDelegate.m; sourceTree = "<group>"; };
		574445AD1EB46422007C64A9 /* ViewController.h */ = {isa = PBXFileReference; lastKnownFileType = sourcecode.c.h; path = ViewController.h; sourceTree = "<group>"; };
		574445AE1EB46422007C64A9 /* ViewController.m */ = {isa = PBXFileReference; lastKnownFileType = sourcecode.c.objc; path = ViewController.m; sourceTree = "<group>"; };
		574445B11EB46422007C64A9 /* Base */ = {isa = PBXFileReference; lastKnownFileType = file.storyboard; name = Base; path = Base.lproj/Main.storyboard; sourceTree = "<group>"; };
		574445B31EB46422007C64A9 /* Assets.xcassets */ = {isa = PBXFileReference; lastKnownFileType = folder.assetcatalog; path = Assets.xcassets; sourceTree = "<group>"; };
		574445B61EB46422007C64A9 /* Base */ = {isa = PBXFileReference; lastKnownFileType = file.storyboard; name = Base; path = Base.lproj/LaunchScreen.storyboard; sourceTree = "<group>"; };
		574445B81EB46422007C64A9 /* Info.plist */ = {isa = PBXFileReference; lastKnownFileType = text.plist.xml; path = Info.plist; sourceTree = "<group>"; };
		574445BF1EB4649E007C64A9 /* WebViewJavascriptBridge_JS.h */ = {isa = PBXFileReference; fileEncoding = 4; lastKnownFileType = sourcecode.c.h; name = WebViewJavascriptBridge_JS.h; path = WebViewJavascriptBridge/WebViewJavascriptBridge_JS.h; sourceTree = "<group>"; };
		574445C01EB4649E007C64A9 /* WebViewJavascriptBridge_JS.m */ = {isa = PBXFileReference; fileEncoding = 4; lastKnownFileType = sourcecode.c.objc; name = WebViewJavascriptBridge_JS.m; path = WebViewJavascriptBridge/WebViewJavascriptBridge_JS.m; sourceTree = "<group>"; };
		574445C11EB4649E007C64A9 /* WebViewJavascriptBridge.h */ = {isa = PBXFileReference; fileEncoding = 4; lastKnownFileType = sourcecode.c.h; name = WebViewJavascriptBridge.h; path = WebViewJavascriptBridge/WebViewJavascriptBridge.h; sourceTree = "<group>"; };
		574445C21EB4649E007C64A9 /* WebViewJavascriptBridge.m */ = {isa = PBXFileReference; fileEncoding = 4; lastKnownFileType = sourcecode.c.objc; name = WebViewJavascriptBridge.m; path = WebViewJavascriptBridge/WebViewJavascriptBridge.m; sourceTree = "<group>"; };
		574445C31EB4649E007C64A9 /* WebViewJavascriptBridgeBase.h */ = {isa = PBXFileReference; fileEncoding = 4; lastKnownFileType = sourcecode.c.h; name = WebViewJavascriptBridgeBase.h; path = WebViewJavascriptBridge/WebViewJavascriptBridgeBase.h; sourceTree = "<group>"; };
		574445C41EB4649E007C64A9 /* WebViewJavascriptBridgeBase.m */ = {isa = PBXFileReference; fileEncoding = 4; lastKnownFileType = sourcecode.c.objc; name = WebViewJavascriptBridgeBase.m; path = WebViewJavascriptBridge/WebViewJavascriptBridgeBase.m; sourceTree = "<group>"; };
		574445C51EB4649E007C64A9 /* WKWebViewJavascriptBridge.h */ = {isa = PBXFileReference; fileEncoding = 4; lastKnownFileType = sourcecode.c.h; name = WKWebViewJavascriptBridge.h; path = WebViewJavascriptBridge/WKWebViewJavascriptBridge.h; sourceTree = "<group>"; };
		574445C61EB4649E007C64A9 /* WKWebViewJavascriptBridge.m */ = {isa = PBXFileReference; fileEncoding = 4; lastKnownFileType = sourcecode.c.objc; name = WKWebViewJavascriptBridge.m; path = WebViewJavascriptBridge/WKWebViewJavascriptBridge.m; sourceTree = "<group>"; };
		574445CB1EB464A7007C64A9 /* H5TableViewDemo.html */ = {isa = PBXFileReference; fileEncoding = 4; lastKnownFileType = text.html; path = H5TableViewDemo.html; sourceTree = "<group>"; };
		574445CC1EB464A7007C64A9 /* jquery-2.1.3.min.js */ = {isa = PBXFileReference; fileEncoding = 4; lastKnownFileType = sourcecode.javascript; path = "jquery-2.1.3.min.js"; sourceTree = "<group>"; };
/* End PBXFileReference section */

/* Begin PBXFrameworksBuildPhase section */
		574445A11EB46422007C64A9 /* Frameworks */ = {
			isa = PBXFrameworksBuildPhase;
			buildActionMask = 2147483647;
			files = (
			);
			runOnlyForDeploymentPostprocessing = 0;
		};
/* End PBXFrameworksBuildPhase section */

/* Begin PBXGroup section */
		5744459B1EB46422007C64A9 = {
			isa = PBXGroup;
			children = (
				574445A61EB46422007C64A9 /* H5TableViewDemo */,
				574445A51EB46422007C64A9 /* Products */,
			);
			sourceTree = "<group>";
		};
		574445A51EB46422007C64A9 /* Products */ = {
			isa = PBXGroup;
			children = (
				574445A41EB46422007C64A9 /* H5TableViewDemo.app */,
			);
			name = Products;
			sourceTree = "<group>";
		};
		574445A61EB46422007C64A9 /* H5TableViewDemo */ = {
			isa = PBXGroup;
			children = (
				574445CB1EB464A7007C64A9 /* H5TableViewDemo.html */,
				574445CC1EB464A7007C64A9 /* jquery-2.1.3.min.js */,
				574445BE1EB4647A007C64A9 /* WebViewJavascriptBridge */,
				574445AA1EB46422007C64A9 /* AppDelegate.h */,
				574445AB1EB46422007C64A9 /* AppDelegate.m */,
				574445AD1EB46422007C64A9 /* ViewController.h */,
				574445AE1EB46422007C64A9 /* ViewController.m */,
				574445B01EB46422007C64A9 /* Main.storyboard */,
				574445B31EB46422007C64A9 /* Assets.xcassets */,
				574445B51EB46422007C64A9 /* LaunchScreen.storyboard */,
				574445B81EB46422007C64A9 /* Info.plist */,
				574445A71EB46422007C64A9 /* Supporting Files */,
			);
			path = H5TableViewDemo;
			sourceTree = "<group>";
		};
		574445A71EB46422007C64A9 /* Supporting Files */ = {
			isa = PBXGroup;
			children = (
				574445A81EB46422007C64A9 /* main.m */,
			);
			name = "Supporting Files";
			sourceTree = "<group>";
		};
		574445BE1EB4647A007C64A9 /* WebViewJavascriptBridge */ = {
			isa = PBXGroup;
			children = (
				574445BF1EB4649E007C64A9 /* WebViewJavascriptBridge_JS.h */,
				574445C01EB4649E007C64A9 /* WebViewJavascriptBridge_JS.m */,
				574445C11EB4649E007C64A9 /* WebViewJavascriptBridge.h */,
				574445C21EB4649E007C64A9 /* WebViewJavascriptBridge.m */,
				574445C31EB4649E007C64A9 /* WebViewJavascriptBridgeBase.h */,
				574445C41EB4649E007C64A9 /* WebViewJavascriptBridgeBase.m */,
				574445C51EB4649E007C64A9 /* WKWebViewJavascriptBridge.h */,
				574445C61EB4649E007C64A9 /* WKWebViewJavascriptBridge.m */,
			);
			name = WebViewJavascriptBridge;
			sourceTree = "<group>";
		};
/* End PBXGroup section */

/* Begin PBXNativeTarget section */
		574445A31EB46422007C64A9 /* H5TableViewDemo */ = {
			isa = PBXNativeTarget;
			buildConfigurationList = 574445BB1EB46422007C64A9 /* Build configuration list for PBXNativeTarget "H5TableViewDemo" */;
			buildPhases = (
				574445A01EB46422007C64A9 /* Sources */,
				574445A11EB46422007C64A9 /* Frameworks */,
				574445A21EB46422007C64A9 /* Resources */,
			);
			buildRules = (
			);
			dependencies = (
			);
			name = H5TableViewDemo;
			productName = H5TableViewDemo;
			productReference = 574445A41EB46422007C64A9 /* H5TableViewDemo.app */;
			productType = "com.apple.product-type.application";
		};
/* End PBXNativeTarget section */

/* Begin PBXProject section */
		5744459C1EB46422007C64A9 /* Project object */ = {
			isa = PBXProject;
			attributes = {
				LastUpgradeCheck = 0830;
				ORGANIZATIONNAME = "神SKY";
				TargetAttributes = {
					574445A31EB46422007C64A9 = {
						CreatedOnToolsVersion = 8.3.2;
						ProvisioningStyle = Automatic;
					};
				};
			};
			buildConfigurationList = 5744459F1EB46422007C64A9 /* Build configuration list for PBXProject "H5TableViewDemo" */;
			compatibilityVersion = "Xcode 3.2";
			developmentRegion = English;
			hasScannedForEncodings = 0;
			knownRegions = (
				en,
				Base,
			);
			mainGroup = 5744459B1EB46422007C64A9;
			productRefGroup = 574445A51EB46422007C64A9 /* Products */;
			projectDirPath = "";
			projectRoot = "";
			targets = (
				574445A31EB46422007C64A9 /* H5TableViewDemo */,
			);
		};
/* End PBXProject section */

/* Begin PBXResourcesBuildPhase section */
		574445A21EB46422007C64A9 /* Resources */ = {
			isa = PBXResourcesBuildPhase;
			buildActionMask = 2147483647;
			files = (
				574445CE1EB464A7007C64A9 /* jquery-2.1.3.min.js in Resources */,
				574445CD1EB464A7007C64A9 /* H5TableViewDemo.html in Resources */,
				574445B71EB46422007C64A9 /* LaunchScreen.storyboard in Resources */,
				574445B41EB46422007C64A9 /* Assets.xcassets in Resources */,
				574445B21EB46422007C64A9 /* Main.storyboard in Resources */,
			);
			runOnlyForDeploymentPostprocessing = 0;
		};
/* End PBXResourcesBuildPhase section */

/* Begin PBXSourcesBuildPhase section */
		574445A01EB46422007C64A9 /* Sources */ = {
			isa = PBXSourcesBuildPhase;
			buildActionMask = 2147483647;
			files = (
				574445C71EB4649E007C64A9 /* WebViewJavascriptBridge_JS.m in Sources */,
				574445AF1EB46422007C64A9 /* ViewController.m in Sources */,
				574445AC1EB46422007C64A9 /* AppDelegate.m in Sources */,
				574445A91EB46422007C64A9 /* main.m in Sources */,
				574445C91EB4649E007C64A9 /* WebViewJavascriptBridgeBase.m in Sources */,
				574445C81EB4649E007C64A9 /* WebViewJavascriptBridge.m in Sources */,
				574445CA1EB4649E007C64A9 /* WKWebViewJavascriptBridge.m in Sources */,
			);
			runOnlyForDeploymentPostprocessing = 0;
		};
/* End PBXSourcesBuildPhase section */

/* Begin PBXVariantGroup section */
		574445B01EB46422007C64A9 /* Main.storyboard */ = {
			isa = PBXVariantGroup;
			children = (
				574445B11EB46422007C64A9 /* Base */,
			);
			name = Main.storyboard;
			sourceTree = "<group>";
		};
		574445B51EB46422007C64A9 /* LaunchScreen.storyboard */ = {
			isa = PBXVariantGroup;
			children = (
				574445B61EB46422007C64A9 /* Base */,
			);
			name = LaunchScreen.storyboard;
			sourceTree = "<group>";
		};
/* End PBXVariantGroup section */

/* Begin XCBuildConfiguration section */
		574445B91EB46422007C64A9 /* Debug */ = {
			isa = XCBuildConfiguration;
			buildSettings = {
				ALWAYS_SEARCH_USER_PATHS = NO;
				CLANG_ANALYZER_NONNULL = YES;
				CLANG_ANALYZER_NUMBER_OBJECT_CONVERSION = YES_AGGRESSIVE;
				CLANG_CXX_LANGUAGE_STANDARD = "gnu++0x";
				CLANG_CXX_LIBRARY = "libc++";
				CLANG_ENABLE_MODULES = YES;
				CLANG_ENABLE_OBJC_ARC = YES;
				CLANG_WARN_BOOL_CONVERSION = YES;
				CLANG_WARN_CONSTANT_CONVERSION = YES;
				CLANG_WARN_DIRECT_OBJC_ISA_USAGE = YES_ERROR;
				CLANG_WARN_DOCUMENTATION_COMMENTS = YES;
				CLANG_WARN_EMPTY_BODY = YES;
				CLANG_WARN_ENUM_CONVERSION = YES;
				CLANG_WARN_INFINITE_RECURSION = YES;
				CLANG_WARN_INT_CONVERSION = YES;
				CLANG_WARN_OBJC_ROOT_CLASS = YES_ERROR;
				CLANG_WARN_SUSPICIOUS_MOVE = YES;
				CLANG_WARN_UNREACHABLE_CODE = YES;
				CLANG_WARN__DUPLICATE_METHOD_MATCH = YES;
				"CODE_SIGN_IDENTITY[sdk=iphoneos*]" = "iPhone Developer";
				COPY_PHASE_STRIP = NO;
				DEBUG_INFORMATION_FORMAT = dwarf;
				ENABLE_STRICT_OBJC_MSGSEND = YES;
				ENABLE_TESTABILITY = YES;
				GCC_C_LANGUAGE_STANDARD = gnu99;
				GCC_DYNAMIC_NO_PIC = NO;
				GCC_NO_COMMON_BLOCKS = YES;
				GCC_OPTIMIZATION_LEVEL = 0;
				GCC_PREPROCESSOR_DEFINITIONS = (
					"DEBUG=1",
					"$(inherited)",
				);
				GCC_WARN_64_TO_32_BIT_CONVERSION = YES;
				GCC_WARN_ABOUT_RETURN_TYPE = YES_ERROR;
				GCC_WARN_UNDECLARED_SELECTOR = YES;
				GCC_WARN_UNINITIALIZED_AUTOS = YES_AGGRESSIVE;
				GCC_WARN_UNUSED_FUNCTION = YES;
				GCC_WARN_UNUSED_VARIABLE = YES;
				IPHONEOS_DEPLOYMENT_TARGET = 10.3;
				MTL_ENABLE_DEBUG_INFO = YES;
				ONLY_ACTIVE_ARCH = YES;
				SDKROOT = iphoneos;
				TARGETED_DEVICE_FAMILY = "1,2";
			};
			name = Debug;
		};
		574445BA1EB46422007C64A9 /* Release */ = {
			isa = XCBuildConfiguration;
			buildSettings = {
				ALWAYS_SEARCH_USER_PATHS = NO;
				CLANG_ANALYZER_NONNULL = YES;
				CLANG_ANALYZER_NUMBER_OBJECT_CONVERSION = YES_AGGRESSIVE;
				CLANG_CXX_LANGUAGE_STANDARD = "gnu++0x";
				CLANG_CXX_LIBRARY = "libc++";
				CLANG_ENABLE_MODULES = YES;
				CLANG_ENABLE_OBJC_ARC = YES;
				CLANG_WARN_BOOL_CONVERSION = YES;
				CLANG_WARN_CONSTANT_CONVERSION = YES;
				CLANG_WARN_DIRECT_OBJC_ISA_USAGE = YES_ERROR;
				CLANG_WARN_DOCUMENTATION_COMMENTS = YES;
				CLANG_WARN_EMPTY_BODY = YES;
				CLANG_WARN_ENUM_CONVERSION = YES;
				CLANG_WARN_INFINITE_RECURSION = YES;
				CLANG_WARN_INT_CONVERSION = YES;
				CLANG_WARN_OBJC_ROOT_CLASS = YES_ERROR;
				CLANG_WARN_SUSPICIOUS_MOVE = YES;
				CLANG_WARN_UNREACHABLE_CODE = YES;
				CLANG_WARN__DUPLICATE_METHOD_MATCH = YES;
				"CODE_SIGN_IDENTITY[sdk=iphoneos*]" = "iPhone Developer";
				COPY_PHASE_STRIP = NO;
				DEBUG_INFORMATION_FORMAT = "dwarf-with-dsym";
				ENABLE_NS_ASSERTIONS = NO;
				ENABLE_STRICT_OBJC_MSGSEND = YES;
				GCC_C_LANGUAGE_STANDARD = gnu99;
				GCC_NO_COMMON_BLOCKS = YES;
				GCC_WARN_64_TO_32_BIT_CONVERSION = YES;
				GCC_WARN_ABOUT_RETURN_TYPE = YES_ERROR;
				GCC_WARN_UNDECLARED_SELECTOR = YES;
				GCC_WARN_UNINITIALIZED_AUTOS = YES_AGGRESSIVE;
				GCC_WARN_UNUSED_FUNCTION = YES;
				GCC_WARN_UNUSED_VARIABLE = YES;
				IPHONEOS_DEPLOYMENT_TARGET = 10.3;
				MTL_ENABLE_DEBUG_INFO = NO;
				SDKROOT = iphoneos;
				TARGETED_DEVICE_FAMILY = "1,2";
				VALIDATE_PRODUCT = YES;
			};
			name = Release;
		};
		574445BC1EB46422007C64A9 /* Debug */ = {
			isa = XCBuildConfiguration;
			buildSettings = {
				ASSETCATALOG_COMPILER_APPICON_NAME = AppIcon;
				INFOPLIST_FILE = H5TableViewDemo/Info.plist;
				LD_RUNPATH_SEARCH_PATHS = "$(inherited) @executable_path/Frameworks";
				PRODUCT_BUNDLE_IDENTIFIER = com.higolbal.H5TableViewDemo;
				PRODUCT_NAME = "$(TARGET_NAME)";
			};
			name = Debug;
		};
		574445BD1EB46422007C64A9 /* Release */ = {
			isa = XCBuildConfiguration;
			buildSettings = {
				ASSETCATALOG_COMPILER_APPICON_NAME = AppIcon;
				INFOPLIST_FILE = H5TableViewDemo/Info.plist;
				LD_RUNPATH_SEARCH_PATHS = "$(inherited) @executable_path/Frameworks";
				PRODUCT_BUNDLE_IDENTIFIER = com.higolbal.H5TableViewDemo;
				PRODUCT_NAME = "$(TARGET_NAME)";
			};
			name = Release;
		};
/* End XCBuildConfiguration section */

/* Begin XCConfigurationList section */
		5744459F1EB46422007C64A9 /* Build configuration list for PBXProject "H5TableViewDemo" */ = {
			isa = XCConfigurationList;
			buildConfigurations = (
				574445B91EB46422007C64A9 /* Debug */,
				574445BA1EB46422007C64A9 /* Release */,
			);
			defaultConfigurationIsVisible = 0;
			defaultConfigurationName = Release;
		};
		574445BB1EB46422007C64A9 /* Build configuration list for PBXNativeTarget "H5TableViewDemo" */ = {
			isa = XCConfigurationList;
			buildConfigurations = (
				574445BC1EB46422007C64A9 /* Debug */,
				574445BD1EB46422007C64A9 /* Release */,
			);
			defaultConfigurationIsVisible = 0;
		};
/* End XCConfigurationList section */
	};
	rootObject = 5744459C1EB46422007C64A9 /* Project object */;
}
